Microsoft Visual Studio Solution File, Format Version 12.00
# Visual Studio Version 17
VisualStudioVersion = 17.3.32611.291
MinimumVisualStudioVersion = 10.0.40219.1
Project("{9A19103F-16F7-4668-BE54-9A1E7A4F7556}") = "AIClassifierWorker", "AIClassifierWorker\AIClassifierWorker.csproj", "{F7C53429-B985-41CB-B05A-E8EDC4B11639}"
EndProject
Project("{9A19103F-16F7-4668-BE54-9A1E7A4F7556}") = "FixExecutorWorker", "FixExecutorWorker\FixExecutorWorker.csproj", "{8F58F3B3-FD1B-4DE5-A835-7EC417ED33B4}"
EndProject
Project("{9A19103F-16F7-4668-BE54-9A1E7A4F7556}") = "FixSuggestionWorker", "FixSuggestionWorker\FixSuggestionWorker.csproj", "{139F641B-6F85-4923-A1BB-579829F3663A}"
EndProject
Project("{9A19103F-16F7-4668-BE54-9A1E7A4F7556}") = "LogParserWorker", "LogParserWorker\LogParserWorker.csproj", "{9FE4771A-B0B5-4391-BF70-4031E0BCB028}"
EndProject
Project("{9A19103F-16F7-4668-BE54-9A1E7A4F7556}") = "Shared", "Shared\Shared.csproj", "{19732DF0-292D-410E-A930-928022F0C247}"
EndProject
Project("{9A19103F-16F7-4668-BE54-9A1E7A4F7556}") = "AIEngineTests", "AIEngineTests\AIEngineTests.csproj", "{E9D3F9D4-CFF5-4F7E-9BA8-84DE72F2E650}"
EndProject
Global
	GlobalSection(SolutionConfigurationPlatforms) = preSolution
		Debug|Any CPU = Debug|Any CPU
		Release|Any CPU = Release|Any CPU
	EndGlobalSection
	GlobalSection(ProjectConfigurationPlatforms) = postSolution
		{F7C53429-B985-41CB-B05A-E8EDC4B11639}.Debug|Any CPU.ActiveCfg = Debug|Any CPU
		{F7C53429-B985-41CB-B05A-E8EDC4B11639}.Debug|Any CPU.Build.0 = Debug|Any CPU
		{F7C53429-B985-41CB-B05A-E8EDC4B11639}.Release|Any CPU.ActiveCfg = Release|Any CPU
		{F7C53429-B985-41CB-B05A-E8EDC4B11639}.Release|Any CPU.Build.0 = Release|Any CPU
		{8F58F3B3-FD1B-4DE5-A835-7EC417ED33B4}.Debug|Any CPU.ActiveCfg = Debug|Any CPU
		{8F58F3B3-FD1B-4DE5-A835-7EC417ED33B4}.Debug|Any CPU.Build.0 = Debug|Any CPU
		{8F58F3B3-FD1B-4DE5-A835-7EC417ED33B4}.Release|Any CPU.ActiveCfg = Release|Any CPU
		{8F58F3B3-FD1B-4DE5-A835-7EC417ED33B4}.Release|Any CPU.Build.0 = Release|Any CPU
		{139F641B-6F85-4923-A1BB-579829F3663A}.Debug|Any CPU.ActiveCfg = Debug|Any CPU
		{139F641B-6F85-4923-A1BB-579829F3663A}.Debug|Any CPU.Build.0 = Debug|Any CPU
		{139F641B-6F85-4923-A1BB-579829F3663A}.Release|Any CPU.ActiveCfg = Release|Any CPU
		{139F641B-6F85-4923-A1BB-579829F3663A}.Release|Any CPU.Build.0 = Release|Any CPU
		{9FE4771A-B0B5-4391-BF70-4031E0BCB028}.Debug|Any CPU.ActiveCfg = Debug|Any CPU
		{9FE4771A-B0B5-4391-BF70-4031E0BCB028}.Debug|Any CPU.Build.0 = Debug|Any CPU
		{9FE4771A-B0B5-4391-BF70-4031E0BCB028}.Release|Any CPU.ActiveCfg = Release|Any CPU
		{9FE4771A-B0B5-4391-BF70-4031E0BCB028}.Release|Any CPU.Build.0 = Release|Any CPU
		{19732DF0-292D-410E-A930-928022F0C247}.Debug|Any CPU.ActiveCfg = Debug|Any CPU
		{19732DF0-292D-410E-A930-928022F0C247}.Debug|Any CPU.Build.0 = Debug|Any CPU
		{19732DF0-292D-410E-A930-928022F0C247}.Release|Any CPU.ActiveCfg = Release|Any CPU
		{19732DF0-292D-410E-A930-928022F0C247}.Release|Any CPU.Build.0 = Release|Any CPU
		{E9D3F9D4-CFF5-4F7E-9BA8-84DE72F2E650}.Debug|Any CPU.ActiveCfg = Debug|Any CPU
		{E9D3F9D4-CFF5-4F7E-9BA8-84DE72F2E650}.Debug|Any CPU.Build.0 = Debug|Any CPU
		{E9D3F9D4-CFF5-4F7E-9BA8-84DE72F2E650}.Release|Any CPU.ActiveCfg = Release|Any CPU
		{E9D3F9D4-CFF5-4F7E-9BA8-84DE72F2E650}.Release|Any CPU.Build.0 = Release|Any CPU
	EndGlobalSection
	GlobalSection(SolutionProperties) = preSolution
		HideSolutionNode = FALSE
	EndGlobalSection
EndGlobal
